
Microsoft Visual Studio Solution File, Format Version 12.00
# Visual Studio Version 16
VisualStudioVersion = 16.0.31105.61
MinimumVisualStudioVersion = 10.0.40219.1
Project("{E24C65DC-7377-472B-9ABA-BC803B73C61A}") = "KC-Portfolio-2021(1)", "KC-Portfolio-2021\", "{6AC06671-3350-4F41-B689-CF4BA24254CA}"
	ProjectSection(WebsiteProperties) = preProject
		TargetFrameworkMoniker = ".NETFramework,Version%3Dv4.0"
		Debug.AspNetCompiler.VirtualPath = "/localhost_53884"
		Debug.AspNetCompiler.PhysicalPath = "KC-Portfolio-2021\"
		Debug.AspNetCompiler.TargetPath = "PrecompiledWeb\localhost_53884\"
		Debug.AspNetCompiler.Updateable = "true"
		Debug.AspNetCompiler.ForceOverwrite = "true"
		Debug.AspNetCompiler.FixedNames = "false"
		Debug.AspNetCompiler.Debug = "True"
		Release.AspNetCompiler.VirtualPath = "/localhost_53884"
		Release.AspNetCompiler.PhysicalPath = "KC-Portfolio-2021\"
		Release.AspNetCompiler.TargetPath = "PrecompiledWeb\localhost_53884\"
		Release.AspNetCompiler.Updateable = "true"
		Release.AspNetCompiler.ForceOverwrite = "true"
		Release.AspNetCompiler.FixedNames = "false"
		Release.AspNetCompiler.Debug = "False"
		VWDPort = "53884"
		SlnRelativePath = "KC-Portfolio-2021\"
	EndProjectSection
EndProject
Global
	GlobalSection(SolutionConfigurationPlatforms) = preSolution
		Debug|Any CPU = Debug|Any CPU
	EndGlobalSection
	GlobalSection(ProjectConfigurationPlatforms) = postSolution
		{6AC06671-3350-4F41-B689-CF4BA24254CA}.Debug|Any CPU.ActiveCfg = Debug|Any CPU
		{6AC06671-3350-4F41-B689-CF4BA24254CA}.Debug|Any CPU.Build.0 = Debug|Any CPU
	EndGlobalSection
	GlobalSection(SolutionProperties) = preSolution
		HideSolutionNode = FALSE
	EndGlobalSection
	GlobalSection(ExtensibilityGlobals) = postSolution
		SolutionGuid = {E828F691-BA7D-4DB7-971C-8B3354876338}
	EndGlobalSection
EndGlobal
